PODS:
  - Alamofire (5.8.1)
  - Japx (4.0.0):
    - Japx/Core (= 4.0.0)
  - Japx/Alamofire (4.0.0):
    - Alamofire
    - Japx/Core
  - Japx/Core (4.0.0)
  - KeychainSwift (20.0.0)

DEPENDENCIES:
  - Alamofire (~> 5.5)
  - Japx
  - Japx/Alamofire
  - KeychainSwift (~> 20.0)

SPEC REPOS:
  trunk:
    - Alamofire
    - Japx
    - KeychainSwift

SPEC CHECKSUMS:
  Alamofire: 3ca42e259043ee0dc5c0cdd76c4bc568b8e42af7
  Japx: 4bb2d79d023af5e7ea44c0a2875c4b070080e111
  KeychainSwift: 0ce6a4d13f7228054d1a71bb1b500448fb2ab837

PODFILE CHECKSUM: a9719dbd5200de6388f7e41b619fa2bfa1c7d27e

COCOAPODS: 1.12.1
